
Microsoft Visual Studio Solution File, Format Version 12.00
# Visual Studio 15
VisualStudioVersion = 15.0.28307.572
MinimumVisualStudioVersion = 10.0.40219.1
Project("{FAE04EC0-301F-11D3-BF4B-00C04F79EFBC}") = "BabaIsYou", "BabaIsYou.csproj", "{064CB7C7-BD5D-4175-8156-F6224DDD13E4}"
EndProject
Global
	GlobalSection(SolutionConfigurationPlatforms) = preSolution
		Debug|Any CPU = Debug|Any CPU
		Release|Any CPU = Release|Any CPU
	EndGlobalSection
	GlobalSection(ProjectConfigurationPlatforms) = postSolution
		{064CB7C7-BD5D-4175-8156-F6224DDD13E4}.Debug|Any CPU.ActiveCfg = Debug|Any CPU
		{064CB7C7-BD5D-4175-8156-F6224DDD13E4}.Debug|Any CPU.Build.0 = Debug|Any CPU
		{064CB7C7-BD5D-4175-8156-F6224DDD13E4}.Release|Any CPU.ActiveCfg = Release|Any CPU
		{064CB7C7-BD5D-4175-8156-F6224DDD13E4}.Release|Any CPU.Build.0 = Release|Any CPU
	EndGlobalSection
	GlobalSection(SolutionProperties) = preSolution
		HideSolutionNode = FALSE
	EndGlobalSection
	GlobalSection(ExtensibilityGlobals) = postSolution
		SolutionGuid = {0086192C-2E73-4A4D-8EAC-684E483D2531}
	EndGlobalSection
EndGlobal
